
Microsoft Visual Studio Solution File, Format Version 12.00
# Visual Studio Version 16
VisualStudioVersion = 16.0.30907.101
MinimumVisualStudioVersion = 10.0.40219.1
Project("{8BC9CEB8-8B4A-11D0-8D11-00A0C91BC942}") = "La_Library", "La_Library\La_Library.vcxproj", "{7CBA9EE6-78A4-4F4B-A68F-DE8AA5648282}"
EndProject
Project("{8BC9CEB8-8B4A-11D0-8D11-00A0C91BC942}") = "testForLibrary", "testForLibrary\testForLibrary.vcxproj", "{142700D7-012E-4510-AF1C-3747D8AB138E}"
EndProject
Project("{8BC9CEB8-8B4A-11D0-8D11-00A0C91BC942}") = "La_Core", "La_LibraryVersion1\La_LibraryVersion1.vcxproj", "{6320BAFA-3216-41AF-B04E-69D8A4D7C4AC}"
EndProject
Project("{8BC9CEB8-8B4A-11D0-8D11-00A0C91BC942}") = "Interface", "Interface\Interface.vcxproj", "{6FF2E113-B84E-415F-A290-7E8521BBC22B}"
EndProject
Project("{8BC9CEB8-8B4A-11D0-8D11-00A0C91BC942}") = "3D", "3D\3D.vcxproj", "{233A3A95-D8DF-44C2-9A51-6F2D3C0B03AA}"
EndProject
Project("{8BC9CEB8-8B4A-11D0-8D11-00A0C91BC942}") = "La_Network", "La_Network\La_Network.vcxproj", "{CDA4D32F-1E28-47BC-9D5F-91784979A3F1}"
EndProject
Project("{8BC9CEB8-8B4A-11D0-8D11-00A0C91BC942}") = "La_Shell", "La_Shell\La_Shell.vcxproj", "{EE8F02D9-27D7-45F0-9492-22385E935675}"
EndProject
Project("{8BC9CEB8-8B4A-11D0-8D11-00A0C91BC942}") = "La_File", "La_File\La_File.vcxproj", "{3A730459-3F7F-44BB-A641-BBB2294F3E6F}"
EndProject
Global
	GlobalSection(SolutionConfigurationPlatforms) = preSolution
		Debug|x64 = Debug|x64
		Debug|x86 = Debug|x86
		Release|x64 = Release|x64
		Release|x86 = Release|x86
	EndGlobalSection
	GlobalSection(ProjectConfigurationPlatforms) = postSolution
		{7CBA9EE6-78A4-4F4B-A68F-DE8AA5648282}.Debug|x64.ActiveCfg = Debug|x64
		{7CBA9EE6-78A4-4F4B-A68F-DE8AA5648282}.Debug|x64.Build.0 = Debug|x64
		{7CBA9EE6-78A4-4F4B-A68F-DE8AA5648282}.Debug|x86.ActiveCfg = Debug|Win32
		{7CBA9EE6-78A4-4F4B-A68F-DE8AA5648282}.Debug|x86.Build.0 = Debug|Win32
		{7CBA9EE6-78A4-4F4B-A68F-DE8AA5648282}.Release|x64.ActiveCfg = Release|x64
		{7CBA9EE6-78A4-4F4B-A68F-DE8AA5648282}.Release|x64.Build.0 = Release|x64
		{7CBA9EE6-78A4-4F4B-A68F-DE8AA5648282}.Release|x86.ActiveCfg = Release|Win32
		{7CBA9EE6-78A4-4F4B-A68F-DE8AA5648282}.Release|x86.Build.0 = Release|Win32
		{142700D7-012E-4510-AF1C-3747D8AB138E}.Debug|x64.ActiveCfg = Debug|x64
		{142700D7-012E-4510-AF1C-3747D8AB138E}.Debug|x64.Build.0 = Debug|x64
		{142700D7-012E-4510-AF1C-3747D8AB138E}.Debug|x86.ActiveCfg = Debug|Win32
		{142700D7-012E-4510-AF1C-3747D8AB138E}.Debug|x86.Build.0 = Debug|Win32
		{142700D7-012E-4510-AF1C-3747D8AB138E}.Release|x64.ActiveCfg = Release|x64
		{142700D7-012E-4510-AF1C-3747D8AB138E}.Release|x64.Build.0 = Release|x64
		{142700D7-012E-4510-AF1C-3747D8AB138E}.Release|x86.ActiveCfg = Release|Win32
		{142700D7-012E-4510-AF1C-3747D8AB138E}.Release|x86.Build.0 = Release|Win32
		{6320BAFA-3216-41AF-B04E-69D8A4D7C4AC}.Debug|x64.ActiveCfg = Debug|x64
		{6320BAFA-3216-41AF-B04E-69D8A4D7C4AC}.Debug|x64.Build.0 = Debug|x64
		{6320BAFA-3216-41AF-B04E-69D8A4D7C4AC}.Debug|x86.ActiveCfg = Debug|Win32
		{6320BAFA-3216-41AF-B04E-69D8A4D7C4AC}.Debug|x86.Build.0 = Debug|Win32
		{6320BAFA-3216-41AF-B04E-69D8A4D7C4AC}.Release|x64.ActiveCfg = Release|x64
		{6320BAFA-3216-41AF-B04E-69D8A4D7C4AC}.Release|x64.Build.0 = Release|x64
		{6320BAFA-3216-41AF-B04E-69D8A4D7C4AC}.Release|x86.ActiveCfg = Release|Win32
		{6320BAFA-3216-41AF-B04E-69D8A4D7C4AC}.Release|x86.Build.0 = Release|Win32
		{6FF2E113-B84E-415F-A290-7E8521BBC22B}.Debug|x64.ActiveCfg = Debug|x64
		{6FF2E113-B84E-415F-A290-7E8521BBC22B}.Debug|x64.Build.0 = Debug|x64
		{6FF2E113-B84E-415F-A290-7E8521BBC22B}.Debug|x86.ActiveCfg = Debug|Win32
		{6FF2E113-B84E-415F-A290-7E8521BBC22B}.Debug|x86.Build.0 = Debug|Win32
		{6FF2E113-B84E-415F-A290-7E8521BBC22B}.Release|x64.ActiveCfg = Release|x64
		{6FF2E113-B84E-415F-A290-7E8521BBC22B}.Release|x64.Build.0 = Release|x64
		{6FF2E113-B84E-415F-A290-7E8521BBC22B}.Release|x86.ActiveCfg = Release|Win32
		{6FF2E113-B84E-415F-A290-7E8521BBC22B}.Release|x86.Build.0 = Release|Win32
		{233A3A95-D8DF-44C2-9A51-6F2D3C0B03AA}.Debug|x64.ActiveCfg = Debug|x64
		{233A3A95-D8DF-44C2-9A51-6F2D3C0B03AA}.Debug|x64.Build.0 = Debug|x64
		{233A3A95-D8DF-44C2-9A51-6F2D3C0B03AA}.Debug|x86.ActiveCfg = Debug|Win32
		{233A3A95-D8DF-44C2-9A51-6F2D3C0B03AA}.Debug|x86.Build.0 = Debug|Win32
		{233A3A95-D8DF-44C2-9A51-6F2D3C0B03AA}.Release|x64.ActiveCfg = Release|x64
		{233A3A95-D8DF-44C2-9A51-6F2D3C0B03AA}.Release|x64.Build.0 = Release|x64
		{233A3A95-D8DF-44C2-9A51-6F2D3C0B03AA}.Release|x86.ActiveCfg = Release|Win32
		{233A3A95-D8DF-44C2-9A51-6F2D3C0B03AA}.Release|x86.Build.0 = Release|Win32
		{CDA4D32F-1E28-47BC-9D5F-91784979A3F1}.Debug|x64.ActiveCfg = Debug|x64
		{CDA4D32F-1E28-47BC-9D5F-91784979A3F1}.Debug|x64.Build.0 = Debug|x64
		{CDA4D32F-1E28-47BC-9D5F-91784979A3F1}.Debug|x86.ActiveCfg = Debug|Win32
		{CDA4D32F-1E28-47BC-9D5F-91784979A3F1}.Debug|x86.Build.0 = Debug|Win32
		{CDA4D32F-1E28-47BC-9D5F-91784979A3F1}.Release|x64.ActiveCfg = Release|x64
		{CDA4D32F-1E28-47BC-9D5F-91784979A3F1}.Release|x64.Build.0 = Release|x64
		{CDA4D32F-1E28-47BC-9D5F-91784979A3F1}.Release|x86.ActiveCfg = Release|Win32
		{CDA4D32F-1E28-47BC-9D5F-91784979A3F1}.Release|x86.Build.0 = Release|Win32
		{EE8F02D9-27D7-45F0-9492-22385E935675}.Debug|x64.ActiveCfg = Debug|x64
		{EE8F02D9-27D7-45F0-9492-22385E935675}.Debug|x64.Build.0 = Debug|x64
		{EE8F02D9-27D7-45F0-9492-22385E935675}.Debug|x86.ActiveCfg = Debug|Win32
		{EE8F02D9-27D7-45F0-9492-22385E935675}.Debug|x86.Build.0 = Debug|Win32
		{EE8F02D9-27D7-45F0-9492-22385E935675}.Release|x64.ActiveCfg = Release|x64
		{EE8F02D9-27D7-45F0-9492-22385E935675}.Release|x64.Build.0 = Release|x64
		{EE8F02D9-27D7-45F0-9492-22385E935675}.Release|x86.ActiveCfg = Release|Win32
		{EE8F02D9-27D7-45F0-9492-22385E935675}.Release|x86.Build.0 = Release|Win32
		{3A730459-3F7F-44BB-A641-BBB2294F3E6F}.Debug|x64.ActiveCfg = Debug|x64
		{3A730459-3F7F-44BB-A641-BBB2294F3E6F}.Debug|x64.Build.0 = Debug|x64
		{3A730459-3F7F-44BB-A641-BBB2294F3E6F}.Debug|x86.ActiveCfg = Debug|Win32
		{3A730459-3F7F-44BB-A641-BBB2294F3E6F}.Debug|x86.Build.0 = Debug|Win32
		{3A730459-3F7F-44BB-A641-BBB2294F3E6F}.Release|x64.ActiveCfg = Release|x64
		{3A730459-3F7F-44BB-A641-BBB2294F3E6F}.Release|x64.Build.0 = Release|x64
		{3A730459-3F7F-44BB-A641-BBB2294F3E6F}.Release|x86.ActiveCfg = Release|Win32
		{3A730459-3F7F-44BB-A641-BBB2294F3E6F}.Release|x86.Build.0 = Release|Win32
	EndGlobalSection
	GlobalSection(SolutionProperties) = preSolution
		HideSolutionNode = FALSE
	EndGlobalSection
	GlobalSection(ExtensibilityGlobals) = postSolution
		SolutionGuid = {2C5A7966-BEF1-4B45-8BD3-AE01CD2FA853}
	EndGlobalSection
EndGlobal
