<?xml version="1.0" encoding="utf-8"?>
<Project ToolsVersion="4.0" xmlns="http://schemas.microsoft.com/developer/msbuild/2003">
  <ItemGroup>
    <Filter Include="源文件">
      <UniqueIdentifier>{4FC737F1-C7A5-4376-A066-2A32D752A2FF}</UniqueIdentifier>
      <Extensions>cpp;c;cc;cxx;c++;cppm;ixx;def;odl;idl;hpj;bat;asm;asmx</Extensions>
    </Filter>
    <Filter Include="头文件">
      <UniqueIdentifier>{93995380-89BD-4b04-88EB-625FBE52EBFB}</UniqueIdentifier>
      <Extensions>h;hh;hpp;hxx;h++;hm;inl;inc;ipp;xsd</Extensions>
    </Filter>
    <Filter Include="资源文件">
      <UniqueIdentifier>{67DA6AB6-F800-4c08-8B7A-83BB121AAD01}</UniqueIdentifier>
      <Extensions>rc;ico;cur;bmp;dlg;rc2;rct;bin;rgs;gif;jpg;jpeg;jpe;resx;tiff;tif;png;wav;mfcribbon-ms</Extensions>
    </Filter>
    <Filter Include="头文件\DataStruture">
      <UniqueIdentifier>{4b0bdda2-9cea-421a-8260-c1783c59d214}</UniqueIdentifier>
    </Filter>
    <Filter Include="头文件\Class">
      <UniqueIdentifier>{630e2b79-25e9-47d2-834c-6a601f2c7d07}</UniqueIdentifier>
    </Filter>
    <Filter Include="头文件\Windows">
      <UniqueIdentifier>{6a4b0a0d-0eb7-49c8-a9a2-61925cc88161}</UniqueIdentifier>
    </Filter>
    <Filter Include="头文件\Windows\Base">
      <UniqueIdentifier>{6fff8884-b315-447c-9f93-c05758ccf00e}</UniqueIdentifier>
    </Filter>
    <Filter Include="头文件\Windows\Extend">
      <UniqueIdentifier>{48f753eb-2451-4992-ad2c-2b360b2f3d3d}</UniqueIdentifier>
    </Filter>
    <Filter Include="源文件\Windows">
      <UniqueIdentifier>{8ff1d593-069f-4e90-9924-4bbd76ed5a18}</UniqueIdentifier>
    </Filter>
    <Filter Include="源文件\Windows\Extend">
      <UniqueIdentifier>{e1fd4e1d-7234-4f18-809b-e4d26bd73599}</UniqueIdentifier>
    </Filter>
    <Filter Include="源文件\test">
      <UniqueIdentifier>{6554d0b4-be2f-4efd-a899-ef5c7b0eba2d}</UniqueIdentifier>
    </Filter>
    <Filter Include="源文件\Windows\Base">
      <UniqueIdentifier>{6e335c2a-462f-42da-964e-60505b3ddbf1}</UniqueIdentifier>
    </Filter>
    <Filter Include="头文件\Math">
      <UniqueIdentifier>{e97f6350-b38d-4fe0-8142-0e527b7fb95c}</UniqueIdentifier>
    </Filter>
    <Filter Include="小机灵">
      <UniqueIdentifier>{bcc1c70c-f56f-492f-ba34-b44612ed2cce}</UniqueIdentifier>
    </Filter>
    <Filter Include="头文件\Debug">
      <UniqueIdentifier>{896dd372-2293-4ecf-858a-38ddf52e8ab8}</UniqueIdentifier>
    </Filter>
    <Filter Include="源文件\Debug">
      <UniqueIdentifier>{b361e763-36dd-44d6-9bf7-747f7a988cd2}</UniqueIdentifier>
    </Filter>
  </ItemGroup>
  <ItemGroup>
    <ClInclude Include="La_String.h">
      <Filter>头文件\Class</Filter>
    </ClInclude>
    <ClInclude Include="La_LinearList.h">
      <Filter>头文件\DataStruture</Filter>
    </ClInclude>
    <ClInclude Include="La_Windows.h">
      <Filter>头文件\Windows\Base</Filter>
    </ClInclude>
    <ClInclude Include="La_Shell.h">
      <Filter>头文件\Windows\Extend</Filter>
    </ClInclude>
    <ClInclude Include="La_NetWork.h">
      <Filter>头文件\Windows\Extend</Filter>
    </ClInclude>
    <ClInclude Include="La_Control.h">
      <Filter>头文件\Windows\Extend</Filter>
    </ClInclude>
    <ClInclude Include="La_File.h">
      <Filter>头文件\Windows\Extend</Filter>
    </ClInclude>
    <ClInclude Include="La_Console.h">
      <Filter>头文件\Windows\Extend</Filter>
    </ClInclude>
    <ClInclude Include="Platform.h">
      <Filter>头文件\Windows</Filter>
    </ClInclude>
    <ClInclude Include="La_Complex.h">
      <Filter>头文件\Math</Filter>
    </ClInclude>
    <ClInclude Include="La_Vector.h">
      <Filter>头文件\Math</Filter>
    </ClInclude>
    <ClInclude Include="La_Matrix.h">
      <Filter>头文件\Math</Filter>
    </ClInclude>
    <ClInclude Include="La_Log.h">
      <Filter>头文件\Debug</Filter>
    </ClInclude>
    <ClInclude Include="La_Time.h">
      <Filter>头文件\Windows\Extend</Filter>
    </ClInclude>
  </ItemGroup>
  <ItemGroup>
    <ClCompile Include="La_Shell.cpp">
      <Filter>源文件\Windows\Extend</Filter>
    </ClCompile>
    <ClCompile Include="WinMain.cpp">
      <Filter>源文件\test</Filter>
    </ClCompile>
    <ClCompile Include="La_NetWork.cpp">
      <Filter>源文件\Windows\Extend</Filter>
    </ClCompile>
    <ClCompile Include="La_Windows.cpp">
      <Filter>源文件\Windows\Base</Filter>
    </ClCompile>
    <ClCompile Include="test.cpp">
      <Filter>源文件\test</Filter>
    </ClCompile>
    <ClCompile Include="La_File.cpp">
      <Filter>源文件\Windows\Extend</Filter>
    </ClCompile>
    <ClCompile Include="La_Log.cpp">
      <Filter>源文件\Debug</Filter>
    </ClCompile>
    <ClCompile Include="La_Time.cpp">
      <Filter>源文件\Windows\Extend</Filter>
    </ClCompile>
  </ItemGroup>
  <ItemGroup>
    <Text Include="code.txt">
      <Filter>小机灵</Filter>
    </Text>
    <Text Include="ErrLog\error.txt">
      <Filter>小机灵</Filter>
    </Text>
  </ItemGroup>
</Project>