<?xml version="1.0" encoding="utf-8"?>
<Project ToolsVersion="4.0" xmlns="http://schemas.microsoft.com/developer/msbuild/2003">
  <ItemGroup>
    <Filter Include="源文件">
      <UniqueIdentifier>{4FC737F1-C7A5-4376-A066-2A32D752A2FF}</UniqueIdentifier>
      <Extensions>cpp;c;cc;cxx;c++;cppm;ixx;def;odl;idl;hpj;bat;asm;asmx</Extensions>
    </Filter>
    <Filter Include="头文件">
      <UniqueIdentifier>{93995380-89BD-4b04-88EB-625FBE52EBFB}</UniqueIdentifier>
      <Extensions>h;hh;hpp;hxx;h++;hm;inl;inc;ipp;xsd</Extensions>
    </Filter>
    <Filter Include="资源文件">
      <UniqueIdentifier>{67DA6AB6-F800-4c08-8B7A-83BB121AAD01}</UniqueIdentifier>
      <Extensions>rc;ico;cur;bmp;dlg;rc2;rct;bin;rgs;gif;jpg;jpeg;jpe;resx;tiff;tif;png;wav;mfcribbon-ms</Extensions>
    </Filter>
    <Filter Include="头文件\DataStruture">
      <UniqueIdentifier>{4b0bdda2-9cea-421a-8260-c1783c59d214}</UniqueIdentifier>
    </Filter>
    <Filter Include="头文件\Class">
      <UniqueIdentifier>{630e2b79-25e9-47d2-834c-6a601f2c7d07}</UniqueIdentifier>
    </Filter>
    <Filter Include="头文件\Windows">
      <UniqueIdentifier>{6a4b0a0d-0eb7-49c8-a9a2-61925cc88161}</UniqueIdentifier>
    </Filter>
    <Filter Include="头文件\Windows\Base">
      <UniqueIdentifier>{6fff8884-b315-447c-9f93-c05758ccf00e}</UniqueIdentifier>
    </Filter>
    <Filter Include="头文件\Windows\Extend">
      <UniqueIdentifier>{48f753eb-2451-4992-ad2c-2b360b2f3d3d}</UniqueIdentifier>
    </Filter>
    <Filter Include="源文件\Windows">
      <UniqueIdentifier>{8ff1d593-069f-4e90-9924-4bbd76ed5a18}</UniqueIdentifier>
    </Filter>
    <Filter Include="源文件\Windows\Extend">
      <UniqueIdentifier>{e1fd4e1d-7234-4f18-809b-e4d26bd73599}</UniqueIdentifier>
    </Filter>
    <Filter Include="源文件\test">
      <UniqueIdentifier>{6554d0b4-be2f-4efd-a899-ef5c7b0eba2d}</UniqueIdentifier>
    </Filter>
    <Filter Include="源文件\Windows\Base">
      <UniqueIdentifier>{6e335c2a-462f-42da-964e-60505b3ddbf1}</UniqueIdentifier>
    </Filter>
    <Filter Include="头文件\Math">
      <UniqueIdentifier>{e97f6350-b38d-4fe0-8142-0e527b7fb95c}</UniqueIdentifier>
    </Filter>
    <Filter Include="小机灵">
      <UniqueIdentifier>{bcc1c70c-f56f-492f-ba34-b44612ed2cce}</UniqueIdentifier>
    </Filter>
    <Filter Include="头文件\Debug">
      <UniqueIdentifier>{896dd372-2293-4ecf-858a-38ddf52e8ab8}</UniqueIdentifier>
    </Filter>
    <Filter Include="源文件\Debug">
      <UniqueIdentifier>{b361e763-36dd-44d6-9bf7-747f7a988cd2}</UniqueIdentifier>
    </Filter>
    <Filter Include="头文件\GameBox">
      <UniqueIdentifier>{4d518aab-5cba-482b-8ca7-9a01010fda0e}</UniqueIdentifier>
    </Filter>
    <Filter Include="头文件\WinGDI">
      <UniqueIdentifier>{89c69f22-08ce-4d72-b5de-6e3e94147086}</UniqueIdentifier>
    </Filter>
    <Filter Include="源文件\WinGDI">
      <UniqueIdentifier>{01c2dd67-8541-4eb5-aaa3-43415142ca8c}</UniqueIdentifier>
    </Filter>
    <Filter Include="头文件\Graphic">
      <UniqueIdentifier>{7b2d7de4-bd7e-41d3-a672-cca8b13f437f}</UniqueIdentifier>
    </Filter>
    <Filter Include="源文件\Graphic">
      <UniqueIdentifier>{43d6dd0f-6e58-458f-b46e-cb8866aa2ae9}</UniqueIdentifier>
    </Filter>
    <Filter Include="头文件\Graphic\Base">
      <UniqueIdentifier>{4a92f177-4ac1-40e4-94a3-0773bc39c4ca}</UniqueIdentifier>
    </Filter>
    <Filter Include="头文件\Graphic\Extend">
      <UniqueIdentifier>{014e1e08-fe34-4143-beaa-07bb1384b3d7}</UniqueIdentifier>
    </Filter>
    <Filter Include="头文件\Graphic\Geometry">
      <UniqueIdentifier>{558f512e-e947-4889-9874-b1f7950cc860}</UniqueIdentifier>
    </Filter>
    <Filter Include="源文件\Graphic\Base">
      <UniqueIdentifier>{a638b767-cc05-4d7a-be21-1e9ac32dff11}</UniqueIdentifier>
    </Filter>
    <Filter Include="源文件\Graphic\Extend">
      <UniqueIdentifier>{3c2c8fa6-5d23-4239-978b-2ff61fbb943e}</UniqueIdentifier>
    </Filter>
    <Filter Include="源文件\Graphic\Geometry">
      <UniqueIdentifier>{38b4753e-4444-415e-9de3-8192bd7bbbcf}</UniqueIdentifier>
    </Filter>
    <Filter Include="源文件\Math">
      <UniqueIdentifier>{92076d39-2715-476c-9df6-7e3da1f44605}</UniqueIdentifier>
    </Filter>
    <Filter Include="源文件\test\Graphic">
      <UniqueIdentifier>{c97045c5-e851-4c82-991d-73ded3a532a7}</UniqueIdentifier>
    </Filter>
    <Filter Include="头文件\Input">
      <UniqueIdentifier>{517bbf70-4bbf-41f7-9b6d-dd2bfba6038d}</UniqueIdentifier>
    </Filter>
    <Filter Include="源文件\Input">
      <UniqueIdentifier>{2a50e1db-ceed-412a-b623-b38753ce8067}</UniqueIdentifier>
    </Filter>
    <Filter Include="源文件\GameBox">
      <UniqueIdentifier>{38bb923e-0bde-4b61-b920-0afee70ecd06}</UniqueIdentifier>
    </Filter>
    <Filter Include="源文件\test\Input">
      <UniqueIdentifier>{0614ba91-6b2c-455a-a73b-b3ff6e2b1c62}</UniqueIdentifier>
    </Filter>
    <Filter Include="头文件\Audio">
      <UniqueIdentifier>{7654953e-44f5-4ab6-a9b1-ce10ad3f47d8}</UniqueIdentifier>
    </Filter>
    <Filter Include="源文件\Audio">
      <UniqueIdentifier>{cd805c62-b86e-43d3-8f47-fd2292613bb8}</UniqueIdentifier>
    </Filter>
    <Filter Include="源文件\test\Audio">
      <UniqueIdentifier>{18e706a8-a14c-4871-8f1f-c00e8229fef5}</UniqueIdentifier>
    </Filter>
    <Filter Include="源文件\test\AI">
      <UniqueIdentifier>{6c193a96-ef71-4e3a-b48d-e4613e4e86bd}</UniqueIdentifier>
    </Filter>
  </ItemGroup>
  <ItemGroup>
    <ClInclude Include="La_String.h">
      <Filter>头文件\Class</Filter>
    </ClInclude>
    <ClInclude Include="La_LinearList.h">
      <Filter>头文件\DataStruture</Filter>
    </ClInclude>
    <ClInclude Include="La_Shell.h">
      <Filter>头文件\Windows\Extend</Filter>
    </ClInclude>
    <ClInclude Include="La_NetWork.h">
      <Filter>头文件\Windows\Extend</Filter>
    </ClInclude>
    <ClInclude Include="La_Control.h">
      <Filter>头文件\Windows\Extend</Filter>
    </ClInclude>
    <ClInclude Include="La_File.h">
      <Filter>头文件\Windows\Extend</Filter>
    </ClInclude>
    <ClInclude Include="La_Console.h">
      <Filter>头文件\Windows\Extend</Filter>
    </ClInclude>
    <ClInclude Include="La_Complex.h">
      <Filter>头文件\Math</Filter>
    </ClInclude>
    <ClInclude Include="La_Vector.h">
      <Filter>头文件\Math</Filter>
    </ClInclude>
    <ClInclude Include="La_Matrix.h">
      <Filter>头文件\Math</Filter>
    </ClInclude>
    <ClInclude Include="La_Log.h">
      <Filter>头文件\Debug</Filter>
    </ClInclude>
    <ClInclude Include="La_Time.h">
      <Filter>头文件\Windows\Extend</Filter>
    </ClInclude>
    <ClInclude Include="La_WinGDI.h">
      <Filter>头文件\WinGDI</Filter>
    </ClInclude>
    <ClInclude Include="La_WindowsBase.h">
      <Filter>头文件\Windows\Base</Filter>
    </ClInclude>
    <ClInclude Include="La_Windows.h">
      <Filter>头文件\Windows</Filter>
    </ClInclude>
    <ClInclude Include="La_GameBox.h">
      <Filter>头文件\GameBox</Filter>
    </ClInclude>
    <ClInclude Include="La_GraphicBase.h">
      <Filter>头文件\Graphic\Base</Filter>
    </ClInclude>
    <ClInclude Include="La_Bitmap.h">
      <Filter>头文件\Graphic\Base</Filter>
    </ClInclude>
    <ClInclude Include="La_Surface.h">
      <Filter>头文件\Graphic\Base</Filter>
    </ClInclude>
    <ClInclude Include="La_GeometryBase.h">
      <Filter>头文件\Graphic\Geometry</Filter>
    </ClInclude>
    <ClInclude Include="La_DxWidthGDI.h">
      <Filter>头文件\Graphic\Extend</Filter>
    </ClInclude>
    <ClInclude Include="La_Graphic.h">
      <Filter>头文件\Graphic</Filter>
    </ClInclude>
    <ClInclude Include="La_MathBase.h">
      <Filter>头文件\Math</Filter>
    </ClInclude>
    <ClInclude Include="La_Math.h">
      <Filter>头文件\Math</Filter>
    </ClInclude>
    <ClInclude Include="La_Geometry.h">
      <Filter>头文件\Graphic\Geometry</Filter>
    </ClInclude>
    <ClInclude Include="La_Polygon.h">
      <Filter>头文件\Graphic\Geometry</Filter>
    </ClInclude>
    <ClInclude Include="La_Sprite.h">
      <Filter>头文件\Graphic\Extend</Filter>
    </ClInclude>
    <ClInclude Include="La_GraphicEx.h">
      <Filter>头文件\Graphic\Extend</Filter>
    </ClInclude>
    <ClInclude Include="La_InputBase.h">
      <Filter>头文件\Input</Filter>
    </ClInclude>
    <ClInclude Include="La_Input.h">
      <Filter>头文件\Input</Filter>
    </ClInclude>
    <ClInclude Include="dmusici.h">
      <Filter>头文件\Audio</Filter>
    </ClInclude>
    <ClInclude Include="La_AudioBase.h">
      <Filter>头文件\Audio</Filter>
    </ClInclude>
    <ClInclude Include="La_Audio.h">
      <Filter>头文件\Audio</Filter>
    </ClInclude>
    <ClInclude Include="La_Palette.h">
      <Filter>头文件\Graphic\Extend</Filter>
    </ClInclude>
    <ClInclude Include="La_Blink.h">
      <Filter>头文件\Graphic\Extend</Filter>
    </ClInclude>
  </ItemGroup>
  <ItemGroup>
    <ClCompile Include="La_Shell.cpp">
      <Filter>源文件\Windows\Extend</Filter>
    </ClCompile>
    <ClCompile Include="La_NetWork.cpp">
      <Filter>源文件\Windows\Extend</Filter>
    </ClCompile>
    <ClCompile Include="La_Windows.cpp">
      <Filter>源文件\Windows\Base</Filter>
    </ClCompile>
    <ClCompile Include="test.cpp">
      <Filter>源文件\test</Filter>
    </ClCompile>
    <ClCompile Include="La_File.cpp">
      <Filter>源文件\Windows\Extend</Filter>
    </ClCompile>
    <ClCompile Include="La_Log.cpp">
      <Filter>源文件\Debug</Filter>
    </ClCompile>
    <ClCompile Include="La_Time.cpp">
      <Filter>源文件\Windows\Extend</Filter>
    </ClCompile>
    <ClCompile Include="La_GameBox.cpp">
      <Filter>源文件\GameBox</Filter>
    </ClCompile>
    <ClCompile Include="La_WinGDI.cpp">
      <Filter>源文件\WinGDI</Filter>
    </ClCompile>
    <ClCompile Include="La_Bitmap.cpp">
      <Filter>源文件\Graphic\Base</Filter>
    </ClCompile>
    <ClCompile Include="La_GraphicBase.cpp">
      <Filter>源文件\Graphic\Base</Filter>
    </ClCompile>
    <ClCompile Include="La_Surface.cpp">
      <Filter>源文件\Graphic\Base</Filter>
    </ClCompile>
    <ClCompile Include="Interesting.cpp">
      <Filter>源文件\Graphic\Extend</Filter>
    </ClCompile>
    <ClCompile Include="La_GeometryBase.cpp">
      <Filter>源文件\Graphic\Geometry</Filter>
    </ClCompile>
    <ClCompile Include="La_MathBase.cpp">
      <Filter>源文件\Math</Filter>
    </ClCompile>
    <ClCompile Include="La_GraphicEx.cpp">
      <Filter>源文件\Graphic\Extend</Filter>
    </ClCompile>
    <ClCompile Include="demo1.cpp">
      <Filter>源文件\test\Graphic</Filter>
    </ClCompile>
    <ClCompile Include="demo2.cpp">
      <Filter>源文件\test\Graphic</Filter>
    </ClCompile>
    <ClCompile Include="demo3.cpp">
      <Filter>源文件\test\Graphic</Filter>
    </ClCompile>
    <ClCompile Include="demo4.cpp">
      <Filter>源文件\test\Graphic</Filter>
    </ClCompile>
    <ClCompile Include="demo5.cpp">
      <Filter>源文件\test\Graphic</Filter>
    </ClCompile>
    <ClCompile Include="demo6.cpp">
      <Filter>源文件\test\Graphic</Filter>
    </ClCompile>
    <ClCompile Include="WinMain.cpp">
      <Filter>源文件\test</Filter>
    </ClCompile>
    <ClCompile Include="demo7.cpp">
      <Filter>源文件\test\Graphic</Filter>
    </ClCompile>
    <ClCompile Include="demo8.cpp">
      <Filter>源文件\test\Graphic</Filter>
    </ClCompile>
    <ClCompile Include="La_InputBase.cpp">
      <Filter>源文件\Input</Filter>
    </ClCompile>
    <ClCompile Include="demo9.cpp">
      <Filter>源文件\test\Input</Filter>
    </ClCompile>
    <ClCompile Include="demo10.cpp">
      <Filter>源文件\test\Input</Filter>
    </ClCompile>
    <ClCompile Include="demo11.cpp">
      <Filter>源文件\test\Input</Filter>
    </ClCompile>
    <ClCompile Include="La_AudioBase.cpp">
      <Filter>源文件\Audio</Filter>
    </ClCompile>
    <ClCompile Include="demo12.cpp">
      <Filter>源文件\test\Audio</Filter>
    </ClCompile>
    <ClCompile Include="demo13.cpp">
      <Filter>源文件\test\Audio</Filter>
    </ClCompile>
    <ClCompile Include="demo14.cpp">
      <Filter>源文件\test\Audio</Filter>
    </ClCompile>
    <ClCompile Include="demo15.cpp">
      <Filter>源文件\test\Audio</Filter>
    </ClCompile>
    <ClCompile Include="demo16.cpp">
      <Filter>源文件\test\AI</Filter>
    </ClCompile>
    <ClCompile Include="demo17.cpp">
      <Filter>源文件\test\AI</Filter>
    </ClCompile>
    <ClCompile Include="La_Vector.cpp">
      <Filter>源文件\Math</Filter>
    </ClCompile>
    <ClCompile Include="testttttt.cpp">
      <Filter>源文件</Filter>
    </ClCompile>
    <ClCompile Include="La_Palette.cpp">
      <Filter>源文件\Graphic\Extend</Filter>
    </ClCompile>
    <ClCompile Include="La_Blink.cpp">
      <Filter>源文件\Graphic\Extend</Filter>
    </ClCompile>
  </ItemGroup>
  <ItemGroup>
    <Text Include="code.txt">
      <Filter>小机灵</Filter>
    </Text>
    <Text Include="ErrLog\error.txt">
      <Filter>小机灵</Filter>
    </Text>
  </ItemGroup>
</Project>